
Microsoft Visual Studio Solution File, Format Version 12.00
# Visual Studio Version 17
VisualStudioVersion = 17.3.32922.545
MinimumVisualStudioVersion = 10.0.40219.1
Project("{FAE04EC0-301F-11D3-BF4B-00C04F79EFBC}") = "Projekt4", "Projekt4\Projekt4.csproj", "{AD739CD0-0B9D-4462-92C2-82ABD9067ADA}"
EndProject
Global
	GlobalSection(SolutionConfigurationPlatforms) = preSolution
		Debug|Any CPU = Debug|Any CPU
		Release|Any CPU = Release|Any CPU
	EndGlobalSection
	GlobalSection(ProjectConfigurationPlatforms) = postSolution
		{AD739CD0-0B9D-4462-92C2-82ABD9067ADA}.Debug|Any CPU.ActiveCfg = Debug|Any CPU
		{AD739CD0-0B9D-4462-92C2-82ABD9067ADA}.Debug|Any CPU.Build.0 = Debug|Any CPU
		{AD739CD0-0B9D-4462-92C2-82ABD9067ADA}.Release|Any CPU.ActiveCfg = Release|Any CPU
		{AD739CD0-0B9D-4462-92C2-82ABD9067ADA}.Release|Any CPU.Build.0 = Release|Any CPU
	EndGlobalSection
	GlobalSection(SolutionProperties) = preSolution
		HideSolutionNode = FALSE
	EndGlobalSection
	GlobalSection(ExtensibilityGlobals) = postSolution
		SolutionGuid = {729C4575-AC0A-40B4-ADCD-BF2F68684236}
	EndGlobalSection
EndGlobal
